// !$*UTF8*$!
{
	archiveVersion = 1;
	classes = {
	};
	objectVersion = 52;
	objects = {

/* Begin PBXBuildFile section */
		CE055D4324F43C5700EADE2A /* DefinitionCell.swift in Sources */ = {isa = PBXBuildFile; fileRef = CE055D4224F43C5700EADE2A /* DefinitionCell.swift */; };
		CE940D6E24F2AF640040BE2A /* AppDelegate.swift in Sources */ = {isa = PBXBuildFile; fileRef = CE940D6D24F2AF640040BE2A /* AppDelegate.swift */; };
		CE940D7024F2AF640040BE2A /* SceneDelegate.swift in Sources */ = {isa = PBXBuildFile; fileRef = CE940D6F24F2AF640040BE2A /* SceneDelegate.swift */; };
		CE940D7424F2AF640040BE2A /* Assets.xcassets in Resources */ = {isa = PBXBuildFile; fileRef = CE940D7324F2AF640040BE2A /* Assets.xcassets */; };
		CE940D7724F2AF640040BE2A /* Preview Assets.xcassets in Resources */ = {isa = PBXBuildFile; fileRef = CE940D7624F2AF640040BE2A /* Preview Assets.xcassets */; };
		CE940D7A24F2AF640040BE2A /* LaunchScreen.storyboard in Resources */ = {isa = PBXBuildFile; fileRef = CE940D7824F2AF640040BE2A /* LaunchScreen.storyboard */; };
		CE940D8524F2AF650040BE2A /* UrbanDictionaryTests.swift in Sources */ = {isa = PBXBuildFile; fileRef = CE940D8424F2AF650040BE2A /* UrbanDictionaryTests.swift */; };
		CE940D9224F2B13C0040BE2A /* SearchViewController.swift in Sources */ = {isa = PBXBuildFile; fileRef = CE940D9124F2B13C0040BE2A /* SearchViewController.swift */; };
		CE940D9724F2B3580040BE2A /* Coordinator.swift in Sources */ = {isa = PBXBuildFile; fileRef = CE940D9624F2B3580040BE2A /* Coordinator.swift */; };
		CE940D9924F2B3690040BE2A /* Builder.swift in Sources */ = {isa = PBXBuildFile; fileRef = CE940D9824F2B3690040BE2A /* Builder.swift */; };
		CE940D9B24F2B3860040BE2A /* SearchBuilder.swift in Sources */ = {isa = PBXBuildFile; fileRef = CE940D9A24F2B3860040BE2A /* SearchBuilder.swift */; };
		CE940D9D24F2B3B20040BE2A /* SearchCoordinator.swift in Sources */ = {isa = PBXBuildFile; fileRef = CE940D9C24F2B3B20040BE2A /* SearchCoordinator.swift */; };
		CE940D9F24F2B6F50040BE2A /* SearchViewModel.swift in Sources */ = {isa = PBXBuildFile; fileRef = CE940D9E24F2B6F50040BE2A /* SearchViewModel.swift */; };
		CE940DA924F2BD870040BE2A /* RxSwift in Frameworks */ = {isa = PBXBuildFile; productRef = CE940DA824F2BD870040BE2A /* RxSwift */; };
		CE940DAB24F2BD870040BE2A /* RxCocoa in Frameworks */ = {isa = PBXBuildFile; productRef = CE940DAA24F2BD870040BE2A /* RxCocoa */; };
		CE940DAD24F2C5350040BE2A /* UIView+LayoutConstraints.swift in Sources */ = {isa = PBXBuildFile; fileRef = CE940DAC24F2C5350040BE2A /* UIView+LayoutConstraints.swift */; };
		CE940DB124F2EA9B0040BE2A /* ReactiveURLSession+decodable.swift in Sources */ = {isa = PBXBuildFile; fileRef = CE940DB024F2EA9B0040BE2A /* ReactiveURLSession+decodable.swift */; };
		CE940DB324F2EB410040BE2A /* AutocompleteService.swift in Sources */ = {isa = PBXBuildFile; fileRef = CE940DB224F2EB410040BE2A /* AutocompleteService.swift */; };
		CEB8BD9724F5625E003F160E /* DefinitionViewModelTests.swift in Sources */ = {isa = PBXBuildFile; fileRef = CEB8BD9624F5625E003F160E /* DefinitionViewModelTests.swift */; };
		CEB8BD9924F56F60003F160E /* DefinitionsViewModelTests.swift in Sources */ = {isa = PBXBuildFile; fileRef = CEB8BD9824F56F60003F160E /* DefinitionsViewModelTests.swift */; };
		CEB8BD9C24F575A8003F160E /* SearchViewModelTests.swift in Sources */ = {isa = PBXBuildFile; fileRef = CEB8BD9B24F575A8003F160E /* SearchViewModelTests.swift */; };
		CEB8BDB224F58E4A003F160E /* UrbanDictionaryUITests.swift in Sources */ = {isa = PBXBuildFile; fileRef = CEB8BDB124F58E4A003F160E /* UrbanDictionaryUITests.swift */; };
		CEECEAE624F5B4C9003080BE /* Swifter in Frameworks */ = {isa = PBXBuildFile; productRef = CEECEAE524F5B4C9003080BE /* Swifter */; };
		CEF8D8D424F6603200A34F94 /* EchoServer.swift in Sources */ = {isa = PBXBuildFile; fileRef = CEF8D8D324F6603200A34F94 /* EchoServer.swift */; };
		CEF8D8D624F687EF00A34F94 /* UrbanDictionaryHelper.swift in Sources */ = {isa = PBXBuildFile; fileRef = CEF8D8D524F687EF00A34F94 /* UrbanDictionaryHelper.swift */; };
		CEFE0F3124F42CCA0073A427 /* DefinitionsBuilder.swift in Sources */ = {isa = PBXBuildFile; fileRef = CEFE0F3024F42CCA0073A427 /* DefinitionsBuilder.swift */; };
		CEFE0F3324F42CD40073A427 /* DefinitionsCoordinator.swift in Sources */ = {isa = PBXBuildFile; fileRef = CEFE0F3224F42CD40073A427 /* DefinitionsCoordinator.swift */; };
		CEFE0F3524F42CE10073A427 /* DefinitionsViewController.swift in Sources */ = {isa = PBXBuildFile; fileRef = CEFE0F3424F42CE10073A427 /* DefinitionsViewController.swift */; };
		CEFE0F3824F42CF20073A427 /* DefinitionsViewModel.swift in Sources */ = {isa = PBXBuildFile; fileRef = CEFE0F3724F42CF20073A427 /* DefinitionsViewModel.swift */; };
		CEFE0F3A24F42E1D0073A427 /* Collection+safe.swift in Sources */ = {isa = PBXBuildFile; fileRef = CEFE0F3924F42E1D0073A427 /* Collection+safe.swift */; };
		CEFE0F3C24F431DF0073A427 /* DefinitionsService.swift in Sources */ = {isa = PBXBuildFile; fileRef = CEFE0F3B24F431DF0073A427 /* DefinitionsService.swift */; };
		CEFE0F4024F439580073A427 /* DefinitionViewModel.swift in Sources */ = {isa = PBXBuildFile; fileRef = CEFE0F3F24F439580073A427 /* DefinitionViewModel.swift */; };
/* End PBXBuildFile section */

/* Begin PBXContainerItemProxy section */
		CE940D8124F2AF650040BE2A /* PBXContainerItemProxy */ = {
			isa = PBXContainerItemProxy;
			containerPortal = CE940D6224F2AF630040BE2A /* Project object */;
			proxyType = 1;
			remoteGlobalIDString = CE940D6924F2AF640040BE2A;
			remoteInfo = UrbanDictionary;
		};
		CEB8BDB424F58E4A003F160E /* PBXContainerItemProxy */ = {
			isa = PBXContainerItemProxy;
			containerPortal = CE940D6224F2AF630040BE2A /* Project object */;
			proxyType = 1;
			remoteGlobalIDString = CE940D6924F2AF640040BE2A;
			remoteInfo = UrbanDictionary;
		};
/* End PBXContainerItemProxy section */

/* Begin PBXFileReference section */
		CE055D4224F43C5700EADE2A /* DefinitionCell.swift */ = {isa = PBXFileReference; lastKnownFileType = sourcecode.swift; path = DefinitionCell.swift; sourceTree = "<group>"; };
		CE940D6A24F2AF640040BE2A /* UrbanDictionary.app */ = {isa = PBXFileReference; explicitFileType = wrapper.application; includeInIndex = 0; path = UrbanDictionary.app; sourceTree = BUILT_PRODUCTS_DIR; };
		CE940D6D24F2AF640040BE2A /* AppDelegate.swift */ = {isa = PBXFileReference; lastKnownFileType = sourcecode.swift; path = AppDelegate.swift; sourceTree = "<group>"; };
		CE940D6F24F2AF640040BE2A /* SceneDelegate.swift */ = {isa = PBXFileReference; lastKnownFileType = sourcecode.swift; path = SceneDelegate.swift; sourceTree = "<group>"; };
		CE940D7324F2AF640040BE2A /* Assets.xcassets */ = {isa = PBXFileReference; lastKnownFileType = folder.assetcatalog; path = Assets.xcassets; sourceTree = "<group>"; };
		CE940D7624F2AF640040BE2A /* Preview Assets.xcassets */ = {isa = PBXFileReference; lastKnownFileType = folder.assetcatalog; path = "Preview Assets.xcassets"; sourceTree = "<group>"; };
		CE940D7924F2AF640040BE2A /* Base */ = {isa = PBXFileReference; lastKnownFileType = file.storyboard; name = Base; path = Base.lproj/LaunchScreen.storyboard; sourceTree = "<group>"; };
		CE940D7B24F2AF640040BE2A /* Info.plist */ = {isa = PBXFileReference; lastKnownFileType = text.plist.xml; path = Info.plist; sourceTree = "<group>"; };
		CE940D8024F2AF650040BE2A /* UrbanDictionaryTests.xctest */ = {isa = PBXFileReference; explicitFileType = wrapper.cfbundle; includeInIndex = 0; path = UrbanDictionaryTests.xctest; sourceTree = BUILT_PRODUCTS_DIR; };
		CE940D8424F2AF650040BE2A /* UrbanDictionaryTests.swift */ = {isa = PBXFileReference; lastKnownFileType = sourcecode.swift; path = UrbanDictionaryTests.swift; sourceTree = "<group>"; };
		CE940D8624F2AF650040BE2A /* Info.plist */ = {isa = PBXFileReference; lastKnownFileType = text.plist.xml; path = Info.plist; sourceTree = "<group>"; };
		CE940D9124F2B13C0040BE2A /* SearchViewController.swift */ = {isa = PBXFileReference; lastKnownFileType = sourcecode.swift; path = SearchViewController.swift; sourceTree = "<group>"; };
		CE940D9624F2B3580040BE2A /* Coordinator.swift */ = {isa = PBXFileReference; lastKnownFileType = sourcecode.swift; path = Coordinator.swift; sourceTree = "<group>"; };
		CE940D9824F2B3690040BE2A /* Builder.swift */ = {isa = PBXFileReference; lastKnownFileType = sourcecode.swift; path = Builder.swift; sourceTree = "<group>"; };
		CE940D9A24F2B3860040BE2A /* SearchBuilder.swift */ = {isa = PBXFileReference; lastKnownFileType = sourcecode.swift; path = SearchBuilder.swift; sourceTree = "<group>"; };
		CE940D9C24F2B3B20040BE2A /* SearchCoordinator.swift */ = {isa = PBXFileReference; lastKnownFileType = sourcecode.swift; path = SearchCoordinator.swift; sourceTree = "<group>"; };
		CE940D9E24F2B6F50040BE2A /* SearchViewModel.swift */ = {isa = PBXFileReference; lastKnownFileType = sourcecode.swift; path = SearchViewModel.swift; sourceTree = "<group>"; };
		CE940DAC24F2C5350040BE2A /* UIView+LayoutConstraints.swift */ = {isa = PBXFileReference; lastKnownFileType = sourcecode.swift; path = "UIView+LayoutConstraints.swift"; sourceTree = "<group>"; };
		CE940DB024F2EA9B0040BE2A /* ReactiveURLSession+decodable.swift */ = {isa = PBXFileReference; lastKnownFileType = sourcecode.swift; path = "ReactiveURLSession+decodable.swift"; sourceTree = "<group>"; };
		CE940DB224F2EB410040BE2A /* AutocompleteService.swift */ = {isa = PBXFileReference; lastKnownFileType = sourcecode.swift; path = AutocompleteService.swift; sourceTree = "<group>"; };
		CEB8BD9624F5625E003F160E /* DefinitionViewModelTests.swift */ = {isa = PBXFileReference; lastKnownFileType = sourcecode.swift; path = DefinitionViewModelTests.swift; sourceTree = "<group>"; };
		CEB8BD9824F56F60003F160E /* DefinitionsViewModelTests.swift */ = {isa = PBXFileReference; lastKnownFileType = sourcecode.swift; path = DefinitionsViewModelTests.swift; sourceTree = "<group>"; };
		CEB8BD9B24F575A8003F160E /* SearchViewModelTests.swift */ = {isa = PBXFileReference; lastKnownFileType = sourcecode.swift; path = SearchViewModelTests.swift; sourceTree = "<group>"; };
		CEB8BDAF24F58E4A003F160E /* UrbanDictionaryUITests.xctest */ = {isa = PBXFileReference; explicitFileType = wrapper.cfbundle; includeInIndex = 0; path = UrbanDictionaryUITests.xctest; sourceTree = BUILT_PRODUCTS_DIR; };
		CEB8BDB124F58E4A003F160E /* UrbanDictionaryUITests.swift */ = {isa = PBXFileReference; lastKnownFileType = sourcecode.swift; path = UrbanDictionaryUITests.swift; sourceTree = "<group>"; };
		CEB8BDB324F58E4A003F160E /* Info.plist */ = {isa = PBXFileReference; lastKnownFileType = text.plist.xml; path = Info.plist; sourceTree = "<group>"; };
		CEF8D8D324F6603200A34F94 /* EchoServer.swift */ = {isa = PBXFileReference; lastKnownFileType = sourcecode.swift; path = EchoServer.swift; sourceTree = "<group>"; };
		CEF8D8D524F687EF00A34F94 /* UrbanDictionaryHelper.swift */ = {isa = PBXFileReference; lastKnownFileType = sourcecode.swift; path = UrbanDictionaryHelper.swift; sourceTree = "<group>"; };
		CEFE0F3024F42CCA0073A427 /* DefinitionsBuilder.swift */ = {isa = PBXFileReference; lastKnownFileType = sourcecode.swift; path = DefinitionsBuilder.swift; sourceTree = "<group>"; };
		CEFE0F3224F42CD40073A427 /* DefinitionsCoordinator.swift */ = {isa = PBXFileReference; lastKnownFileType = sourcecode.swift; path = DefinitionsCoordinator.swift; sourceTree = "<group>"; };
		CEFE0F3424F42CE10073A427 /* DefinitionsViewController.swift */ = {isa = PBXFileReference; lastKnownFileType = sourcecode.swift; path = DefinitionsViewController.swift; sourceTree = "<group>"; };
		CEFE0F3724F42CF20073A427 /* DefinitionsViewModel.swift */ = {isa = PBXFileReference; lastKnownFileType = sourcecode.swift; path = DefinitionsViewModel.swift; sourceTree = "<group>"; };
		CEFE0F3924F42E1D0073A427 /* Collection+safe.swift */ = {isa = PBXFileReference; lastKnownFileType = sourcecode.swift; path = "Collection+safe.swift"; sourceTree = "<group>"; };
		CEFE0F3B24F431DF0073A427 /* DefinitionsService.swift */ = {isa = PBXFileReference; lastKnownFileType = sourcecode.swift; path = DefinitionsService.swift; sourceTree = "<group>"; };
		CEFE0F3F24F439580073A427 /* DefinitionViewModel.swift */ = {isa = PBXFileReference; lastKnownFileType = sourcecode.swift; path = DefinitionViewModel.swift; sourceTree = "<group>"; };
/* End PBXFileReference section */

/* Begin PBXFrameworksBuildPhase section */
		CE940D6724F2AF640040BE2A /* Frameworks */ = {
			isa = PBXFrameworksBuildPhase;
			buildActionMask = 2147483647;
			files = (
				CE940DAB24F2BD870040BE2A /* RxCocoa in Frameworks */,
				CE940DA924F2BD870040BE2A /* RxSwift in Frameworks */,
			);
			runOnlyForDeploymentPostprocessing = 0;
		};
		CE940D7D24F2AF640040BE2A /* Frameworks */ = {
			isa = PBXFrameworksBuildPhase;
			buildActionMask = 2147483647;
			files = (
			);
			runOnlyForDeploymentPostprocessing = 0;
		};
		CEB8BDAC24F58E4A003F160E /* Frameworks */ = {
			isa = PBXFrameworksBuildPhase;
			buildActionMask = 2147483647;
			files = (
				CEECEAE624F5B4C9003080BE /* Swifter in Frameworks */,
			);
			runOnlyForDeploymentPostprocessing = 0;
		};
/* End PBXFrameworksBuildPhase section */

/* Begin PBXGroup section */
		CE940D6124F2AF630040BE2A = {
			isa = PBXGroup;
			children = (
				CE940D6C24F2AF640040BE2A /* UrbanDictionary */,
				CE940D8324F2AF650040BE2A /* UrbanDictionaryTests */,
				CEB8BDB024F58E4A003F160E /* UrbanDictionaryUITests */,
				CE940D6B24F2AF640040BE2A /* Products */,
			);
			sourceTree = "<group>";
		};
		CE940D6B24F2AF640040BE2A /* Products */ = {
			isa = PBXGroup;
			children = (
				CE940D6A24F2AF640040BE2A /* UrbanDictionary.app */,
				CE940D8024F2AF650040BE2A /* UrbanDictionaryTests.xctest */,
				CEB8BDAF24F58E4A003F160E /* UrbanDictionaryUITests.xctest */,
			);
			name = Products;
			sourceTree = "<group>";
		};
		CE940D6C24F2AF640040BE2A /* UrbanDictionary */ = {
			isa = PBXGroup;
			children = (
				CE940D8F24F2B1200040BE2A /* Domains */,
				CE940D9524F2B3480040BE2A /* Shared */,
				CE940D6D24F2AF640040BE2A /* AppDelegate.swift */,
				CE940D6F24F2AF640040BE2A /* SceneDelegate.swift */,
				CE940D7324F2AF640040BE2A /* Assets.xcassets */,
				CE940D7824F2AF640040BE2A /* LaunchScreen.storyboard */,
				CE940D7B24F2AF640040BE2A /* Info.plist */,
				CE940D7524F2AF640040BE2A /* Preview Content */,
			);
			path = UrbanDictionary;
			sourceTree = "<group>";
		};
		CE940D7524F2AF640040BE2A /* Preview Content */ = {
			isa = PBXGroup;
			children = (
				CE940D7624F2AF640040BE2A /* Preview Assets.xcassets */,
			);
			path = "Preview Content";
			sourceTree = "<group>";
		};
		CE940D8324F2AF650040BE2A /* UrbanDictionaryTests */ = {
			isa = PBXGroup;
			children = (
				CEB8BD9424F56228003F160E /* Domains */,
				CE940D8424F2AF650040BE2A /* UrbanDictionaryTests.swift */,
				CE940D8624F2AF650040BE2A /* Info.plist */,
			);
			path = UrbanDictionaryTests;
			sourceTree = "<group>";
		};
		CE940D8F24F2B1200040BE2A /* Domains */ = {
			isa = PBXGroup;
			children = (
				CEFE0F2F24F42C9F0073A427 /* Definitions */,
				CE940D9024F2B12B0040BE2A /* Search */,
			);
			path = Domains;
			sourceTree = "<group>";
		};
		CE940D9024F2B12B0040BE2A /* Search */ = {
			isa = PBXGroup;
			children = (
				CE940DB224F2EB410040BE2A /* AutocompleteService.swift */,
				CE940D9A24F2B3860040BE2A /* SearchBuilder.swift */,
				CE940D9C24F2B3B20040BE2A /* SearchCoordinator.swift */,
				CE940D9124F2B13C0040BE2A /* SearchViewController.swift */,
				CE940D9E24F2B6F50040BE2A /* SearchViewModel.swift */,
			);
			path = Search;
			sourceTree = "<group>";
		};
		CE940D9524F2B3480040BE2A /* Shared */ = {
			isa = PBXGroup;
			children = (
				CE940DA024F2BA400040BE2A /* Builder */,
				CE940DA124F2BA510040BE2A /* Coordinator */,
				CEFE0F3924F42E1D0073A427 /* Collection+safe.swift */,
				CE940DB024F2EA9B0040BE2A /* ReactiveURLSession+decodable.swift */,
				CE940DAC24F2C5350040BE2A /* UIView+LayoutConstraints.swift */,
				CEF8D8D524F687EF00A34F94 /* UrbanDictionaryHelper.swift */,
			);
			path = Shared;
			sourceTree = "<group>";
		};
		CE940DA024F2BA400040BE2A /* Builder */ = {
			isa = PBXGroup;
			children = (
				CE940D9824F2B3690040BE2A /* Builder.swift */,
			);
			path = Builder;
			sourceTree = "<group>";
		};
		CE940DA124F2BA510040BE2A /* Coordinator */ = {
			isa = PBXGroup;
			children = (
				CE940D9624F2B3580040BE2A /* Coordinator.swift */,
			);
			path = Coordinator;
			sourceTree = "<group>";
		};
		CEB8BD9424F56228003F160E /* Domains */ = {
			isa = PBXGroup;
			children = (
				CEB8BD9524F56240003F160E /* Definitions */,
				CEB8BD9A24F57597003F160E /* Search */,
			);
			path = Domains;
			sourceTree = "<group>";
		};
		CEB8BD9524F56240003F160E /* Definitions */ = {
			isa = PBXGroup;
			children = (
				CEB8BD9824F56F60003F160E /* DefinitionsViewModelTests.swift */,
				CEB8BD9624F5625E003F160E /* DefinitionViewModelTests.swift */,
			);
			path = Definitions;
			sourceTree = "<group>";
		};
		CEB8BD9A24F57597003F160E /* Search */ = {
			isa = PBXGroup;
			children = (
				CEB8BD9B24F575A8003F160E /* SearchViewModelTests.swift */,
			);
			path = Search;
			sourceTree = "<group>";
		};
		CEB8BDB024F58E4A003F160E /* UrbanDictionaryUITests */ = {
			isa = PBXGroup;
			children = (
				CEF8D8D324F6603200A34F94 /* EchoServer.swift */,
				CEB8BDB124F58E4A003F160E /* UrbanDictionaryUITests.swift */,
				CEB8BDB324F58E4A003F160E /* Info.plist */,
			);
			path = UrbanDictionaryUITests;
			sourceTree = "<group>";
		};
		CEFE0F2F24F42C9F0073A427 /* Definitions */ = {
			isa = PBXGroup;
			children = (
				CEFE0F3E24F4393B0073A427 /* ViewModels */,
				CEFE0F3D24F439300073A427 /* Views */,
				CEFE0F3024F42CCA0073A427 /* DefinitionsBuilder.swift */,
				CEFE0F3224F42CD40073A427 /* DefinitionsCoordinator.swift */,
				CEFE0F3B24F431DF0073A427 /* DefinitionsService.swift */,
			);
			path = Definitions;
			sourceTree = "<group>";
		};
		CEFE0F3D24F439300073A427 /* Views */ = {
			isa = PBXGroup;
			children = (
				CEFE0F3424F42CE10073A427 /* DefinitionsViewController.swift */,
				CE055D4224F43C5700EADE2A /* DefinitionCell.swift */,
			);
			path = Views;
			sourceTree = "<group>";
		};
		CEFE0F3E24F4393B0073A427 /* ViewModels */ = {
			isa = PBXGroup;
			children = (
				CEFE0F3724F42CF20073A427 /* DefinitionsViewModel.swift */,
				CEFE0F3F24F439580073A427 /* DefinitionViewModel.swift */,
			);
			path = ViewModels;
			sourceTree = "<group>";
		};
/* End PBXGroup section */

/* Begin PBXNativeTarget section */
		CE940D6924F2AF640040BE2A /* UrbanDictionary */ = {
			isa = PBXNativeTarget;
			buildConfigurationList = CE940D8924F2AF650040BE2A /* Build configuration list for PBXNativeTarget "UrbanDictionary" */;
			buildPhases = (
				CE940D6624F2AF640040BE2A /* Sources */,
				CE940D6724F2AF640040BE2A /* Frameworks */,
				CE940D6824F2AF640040BE2A /* Resources */,
			);
			buildRules = (
			);
			dependencies = (
			);
			name = UrbanDictionary;
			packageProductDependencies = (
				CE940DA824F2BD870040BE2A /* RxSwift */,
				CE940DAA24F2BD870040BE2A /* RxCocoa */,
			);
			productName = UrbanDictionary;
			productReference = CE940D6A24F2AF640040BE2A /* UrbanDictionary.app */;
			productType = "com.apple.product-type.application";
		};
		CE940D7F24F2AF640040BE2A /* UrbanDictionaryTests */ = {
			isa = PBXNativeTarget;
			buildConfigurationList = CE940D8C24F2AF650040BE2A /* Build configuration list for PBXNativeTarget "UrbanDictionaryTests" */;
			buildPhases = (
				CE940D7C24F2AF640040BE2A /* Sources */,
				CE940D7D24F2AF640040BE2A /* Frameworks */,
				CE940D7E24F2AF640040BE2A /* Resources */,
			);
			buildRules = (
			);
			dependencies = (
				CE940D8224F2AF650040BE2A /* PBXTargetDependency */,
			);
			name = UrbanDictionaryTests;
			productName = UrbanDictionaryTests;
			productReference = CE940D8024F2AF650040BE2A /* UrbanDictionaryTests.xctest */;
			productType = "com.apple.product-type.bundle.unit-test";
		};
		CEB8BDAE24F58E4A003F160E /* UrbanDictionaryUITests */ = {
			isa = PBXNativeTarget;
			buildConfigurationList = CEB8BDB824F58E4A003F160E /* Build configuration list for PBXNativeTarget "UrbanDictionaryUITests" */;
			buildPhases = (
				CEB8BDAB24F58E4A003F160E /* Sources */,
				CEB8BDAC24F58E4A003F160E /* Frameworks */,
				CEB8BDAD24F58E4A003F160E /* Resources */,
			);
			buildRules = (
			);
			dependencies = (
				CEB8BDB524F58E4A003F160E /* PBXTargetDependency */,
			);
			name = UrbanDictionaryUITests;
			packageProductDependencies = (
				CEECEAE524F5B4C9003080BE /* Swifter */,
			);
			productName = UrbanDictionaryUITests;
			productReference = CEB8BDAF24F58E4A003F160E /* UrbanDictionaryUITests.xctest */;
			productType = "com.apple.product-type.bundle.ui-testing";
		};
/* End PBXNativeTarget section */

/* Begin PBXProject section */
		CE940D6224F2AF630040BE2A /* Project object */ = {
			isa = PBXProject;
			attributes = {
				LastSwiftUpdateCheck = 1160;
				LastUpgradeCheck = 1160;
				ORGANIZATIONNAME = "Bram Schulting";
				TargetAttributes = {
					CE940D6924F2AF640040BE2A = {
						CreatedOnToolsVersion = 11.6;
					};
					CE940D7F24F2AF640040BE2A = {
						CreatedOnToolsVersion = 11.6;
						TestTargetID = CE940D6924F2AF640040BE2A;
					};
					CEB8BDAE24F58E4A003F160E = {
						CreatedOnToolsVersion = 11.6;
						TestTargetID = CE940D6924F2AF640040BE2A;
					};
				};
			};
			buildConfigurationList = CE940D6524F2AF630040BE2A /* Build configuration list for PBXProject "UrbanDictionary" */;
			compatibilityVersion = "Xcode 9.3";
			developmentRegion = en;
			hasScannedForEncodings = 0;
			knownRegions = (
				en,
				Base,
			);
			mainGroup = CE940D6124F2AF630040BE2A;
			packageReferences = (
				CE940DA724F2BD870040BE2A /* XCRemoteSwiftPackageReference "RxSwift" */,
				CEECEAE424F5B4C9003080BE /* XCRemoteSwiftPackageReference "swifter" */,
			);
			productRefGroup = CE940D6B24F2AF640040BE2A /* Products */;
			projectDirPath = "";
			projectRoot = "";
			targets = (
				CE940D6924F2AF640040BE2A /* UrbanDictionary */,
				CE940D7F24F2AF640040BE2A /* UrbanDictionaryTests */,
				CEB8BDAE24F58E4A003F160E /* UrbanDictionaryUITests */,
			);
		};
/* End PBXProject section */

/* Begin PBXResourcesBuildPhase section */
		CE940D6824F2AF640040BE2A /* Resources */ = {
			isa = PBXResourcesBuildPhase;
			buildActionMask = 2147483647;
			files = (
				CE940D7A24F2AF640040BE2A /* LaunchScreen.storyboard in Resources */,
				CE940D7724F2AF640040BE2A /* Preview Assets.xcassets in Resources */,
				CE940D7424F2AF640040BE2A /* Assets.xcassets in Resources */,
			);
			runOnlyForDeploymentPostprocessing = 0;
		};
		CE940D7E24F2AF640040BE2A /* Resources */ = {
			isa = PBXResourcesBuildPhase;
			buildActionMask = 2147483647;
			files = (
			);
			runOnlyForDeploymentPostprocessing = 0;
		};
		CEB8BDAD24F58E4A003F160E /* Resources */ = {
			isa = PBXResourcesBuildPhase;
			buildActionMask = 2147483647;
			files = (
			);
			runOnlyForDeploymentPostprocessing = 0;
		};
/* End PBXResourcesBuildPhase section */

/* Begin PBXSourcesBuildPhase section */
		CE940D6624F2AF640040BE2A /* Sources */ = {
			isa = PBXSourcesBuildPhase;
			buildActionMask = 2147483647;
			files = (
				CEFE0F3C24F431DF0073A427 /* DefinitionsService.swift in Sources */,
				CE940D9724F2B3580040BE2A /* Coordinator.swift in Sources */,
				CEFE0F3524F42CE10073A427 /* DefinitionsViewController.swift in Sources */,
				CE940D6E24F2AF640040BE2A /* AppDelegate.swift in Sources */,
				CEFE0F3124F42CCA0073A427 /* DefinitionsBuilder.swift in Sources */,
				CE940D9F24F2B6F50040BE2A /* SearchViewModel.swift in Sources */,
				CEFE0F3824F42CF20073A427 /* DefinitionsViewModel.swift in Sources */,
				CEFE0F3A24F42E1D0073A427 /* Collection+safe.swift in Sources */,
				CE940D7024F2AF640040BE2A /* SceneDelegate.swift in Sources */,
				CEFE0F4024F439580073A427 /* DefinitionViewModel.swift in Sources */,
				CEF8D8D624F687EF00A34F94 /* UrbanDictionaryHelper.swift in Sources */,
				CE940DB124F2EA9B0040BE2A /* ReactiveURLSession+decodable.swift in Sources */,
				CE940D9224F2B13C0040BE2A /* SearchViewController.swift in Sources */,
				CE940DAD24F2C5350040BE2A /* UIView+LayoutConstraints.swift in Sources */,
				CE940D9924F2B3690040BE2A /* Builder.swift in Sources */,
				CE940DB324F2EB410040BE2A /* AutocompleteService.swift in Sources */,
				CEFE0F3324F42CD40073A427 /* DefinitionsCoordinator.swift in Sources */,
				CE940D9B24F2B3860040BE2A /* SearchBuilder.swift in Sources */,
				CE055D4324F43C5700EADE2A /* DefinitionCell.swift in Sources */,
				CE940D9D24F2B3B20040BE2A /* SearchCoordinator.swift in Sources */,
			);
			runOnlyForDeploymentPostprocessing = 0;
		};
		CE940D7C24F2AF640040BE2A /* Sources */ = {
			isa = PBXSourcesBuildPhase;
			buildActionMask = 2147483647;
			files = (
				CE940D8524F2AF650040BE2A /* UrbanDictionaryTests.swift in Sources */,
				CEB8BD9724F5625E003F160E /* DefinitionViewModelTests.swift in Sources */,
				CEB8BD9C24F575A8003F160E /* SearchViewModelTests.swift in Sources */,
				CEB8BD9924F56F60003F160E /* DefinitionsViewModelTests.swift in Sources */,
			);
			runOnlyForDeploymentPostprocessing = 0;
		};
		CEB8BDAB24F58E4A003F160E /* Sources */ = {
			isa = PBXSourcesBuildPhase;
			buildActionMask = 2147483647;
			files = (
				CEB8BDB224F58E4A003F160E /* UrbanDictionaryUITests.swift in Sources */,
				CEF8D8D424F6603200A34F94 /* EchoServer.swift in Sources */,
			);
			runOnlyForDeploymentPostprocessing = 0;
		};
/* End PBXSourcesBuildPhase section */

/* Begin PBXTargetDependency section */
		CE940D8224F2AF650040BE2A /* PBXTargetDependency */ = {
			isa = PBXTargetDependency;
			target = CE940D6924F2AF640040BE2A /* UrbanDictionary */;
			targetProxy = CE940D8124F2AF650040BE2A /* PBXContainerItemProxy */;
		};
		CEB8BDB524F58E4A003F160E /* PBXTargetDependency */ = {
			isa = PBXTargetDependency;
			target = CE940D6924F2AF640040BE2A /* UrbanDictionary */;
			targetProxy = CEB8BDB424F58E4A003F160E /* PBXContainerItemProxy */;
		};
/* End PBXTargetDependency section */

/* Begin PBXVariantGroup section */
		CE940D7824F2AF640040BE2A /* LaunchScreen.storyboard */ = {
			isa = PBXVariantGroup;
			children = (
				CE940D7924F2AF640040BE2A /* Base */,
			);
			name = LaunchScreen.storyboard;
			sourceTree = "<group>";
		};
/* End PBXVariantGroup section */

/* Begin XCBuildConfiguration section */
		CE940D8724F2AF650040BE2A /* Debug */ = {
			isa = XCBuildConfiguration;
			buildSettings = {
				ALWAYS_SEARCH_USER_PATHS = NO;
				CLANG_ANALYZER_NONNULL = YES;
				CLANG_ANALYZER_NUMBER_OBJECT_CONVERSION = YES_AGGRESSIVE;
				CLANG_CXX_LANGUAGE_STANDARD = "gnu++14";
				CLANG_CXX_LIBRARY = "libc++";
				CLANG_ENABLE_MODULES = YES;
				CLANG_ENABLE_OBJC_ARC = YES;
				CLANG_ENABLE_OBJC_WEAK = YES;
				CLANG_WARN_BLOCK_CAPTURE_AUTORELEASING = YES;
				CLANG_WARN_BOOL_CONVERSION = YES;
				CLANG_WARN_COMMA = YES;
				CLANG_WARN_CONSTANT_CONVERSION = YES;
				CLANG_WARN_DEPRECATED_OBJC_IMPLEMENTATIONS = YES;
				CLANG_WARN_DIRECT_OBJC_ISA_USAGE = YES_ERROR;
				CLANG_WARN_DOCUMENTATION_COMMENTS = YES;
				CLANG_WARN_EMPTY_BODY = YES;
				CLANG_WARN_ENUM_CONVERSION = YES;
				CLANG_WARN_INFINITE_RECURSION = YES;
				CLANG_WARN_INT_CONVERSION = YES;
				CLANG_WARN_NON_LITERAL_NULL_CONVERSION = YES;
				CLANG_WARN_OBJC_IMPLICIT_RETAIN_SELF = YES;
				CLANG_WARN_OBJC_LITERAL_CONVERSION = YES;
				CLANG_WARN_OBJC_ROOT_CLASS = YES_ERROR;
				CLANG_WARN_RANGE_LOOP_ANALYSIS = YES;
				CLANG_WARN_STRICT_PROTOTYPES = YES;
				CLANG_WARN_SUSPICIOUS_MOVE = YES;
				CLANG_WARN_UNGUARDED_AVAILABILITY = YES_AGGRESSIVE;
				CLANG_WARN_UNREACHABLE_CODE = YES;
				CLANG_WARN__DUPLICATE_METHOD_MATCH = YES;
				COPY_PHASE_STRIP = NO;
				DEBUG_INFORMATION_FORMAT = dwarf;
				ENABLE_STRICT_OBJC_MSGSEND = YES;
				ENABLE_TESTABILITY = YES;
				GCC_C_LANGUAGE_STANDARD = gnu11;
				GCC_DYNAMIC_NO_PIC = NO;
				GCC_NO_COMMON_BLOCKS = YES;
				GCC_OPTIMIZATION_LEVEL = 0;
				GCC_PREPROCESSOR_DEFINITIONS = (
					"DEBUG=1",
					"$(inherited)",
				);
				GCC_WARN_64_TO_32_BIT_CONVERSION = YES;
				GCC_WARN_ABOUT_RETURN_TYPE = YES_ERROR;
				GCC_WARN_UNDECLARED_SELECTOR = YES;
				GCC_WARN_UNINITIALIZED_AUTOS = YES_AGGRESSIVE;
				GCC_WARN_UNUSED_FUNCTION = YES;
				GCC_WARN_UNUSED_VARIABLE = YES;
				IPHONEOS_DEPLOYMENT_TARGET = 13.6;
				MTL_ENABLE_DEBUG_INFO = INCLUDE_SOURCE;
				MTL_FAST_MATH = YES;
				ONLY_ACTIVE_ARCH = YES;
				SDKROOT = iphoneos;
				SWIFT_ACTIVE_COMPILATION_CONDITIONS = DEBUG;
				SWIFT_OPTIMIZATION_LEVEL = "-Onone";
			};
			name = Debug;
		};
		CE940D8824F2AF650040BE2A /* Release */ = {
			isa = XCBuildConfiguration;
			buildSettings = {
				ALWAYS_SEARCH_USER_PATHS = NO;
				CLANG_ANALYZER_NONNULL = YES;
				CLANG_ANALYZER_NUMBER_OBJECT_CONVERSION = YES_AGGRESSIVE;
				CLANG_CXX_LANGUAGE_STANDARD = "gnu++14";
				CLANG_CXX_LIBRARY = "libc++";
				CLANG_ENABLE_MODULES = YES;
				CLANG_ENABLE_OBJC_ARC = YES;
				CLANG_ENABLE_OBJC_WEAK = YES;
				CLANG_WARN_BLOCK_CAPTURE_AUTORELEASING = YES;
				CLANG_WARN_BOOL_CONVERSION = YES;
				CLANG_WARN_COMMA = YES;
				CLANG_WARN_CONSTANT_CONVERSION = YES;
				CLANG_WARN_DEPRECATED_OBJC_IMPLEMENTATIONS = YES;
				CLANG_WARN_DIRECT_OBJC_ISA_USAGE = YES_ERROR;
				CLANG_WARN_DOCUMENTATION_COMMENTS = YES;
				CLANG_WARN_EMPTY_BODY = YES;
				CLANG_WARN_ENUM_CONVERSION = YES;
				CLANG_WARN_INFINITE_RECURSION = YES;
				CLANG_WARN_INT_CONVERSION = YES;
				CLANG_WARN_NON_LITERAL_NULL_CONVERSION = YES;
				CLANG_WARN_OBJC_IMPLICIT_RETAIN_SELF = YES;
				CLANG_WARN_OBJC_LITERAL_CONVERSION = YES;
				CLANG_WARN_OBJC_ROOT_CLASS = YES_ERROR;
				CLANG_WARN_RANGE_LOOP_ANALYSIS = YES;
				CLANG_WARN_STRICT_PROTOTYPES = YES;
				CLANG_WARN_SUSPICIOUS_MOVE = YES;
				CLANG_WARN_UNGUARDED_AVAILABILITY = YES_AGGRESSIVE;
				CLANG_WARN_UNREACHABLE_CODE = YES;
				CLANG_WARN__DUPLICATE_METHOD_MATCH = YES;
				COPY_PHASE_STRIP = NO;
				DEBUG_INFORMATION_FORMAT = "dwarf-with-dsym";
				ENABLE_NS_ASSERTIONS = NO;
				ENABLE_STRICT_OBJC_MSGSEND = YES;
				GCC_C_LANGUAGE_STANDARD = gnu11;
				GCC_NO_COMMON_BLOCKS = YES;
				GCC_WARN_64_TO_32_BIT_CONVERSION = YES;
				GCC_WARN_ABOUT_RETURN_TYPE = YES_ERROR;
				GCC_WARN_UNDECLARED_SELECTOR = YES;
				GCC_WARN_UNINITIALIZED_AUTOS = YES_AGGRESSIVE;
				GCC_WARN_UNUSED_FUNCTION = YES;
				GCC_WARN_UNUSED_VARIABLE = YES;
				IPHONEOS_DEPLOYMENT_TARGET = 13.6;
				MTL_ENABLE_DEBUG_INFO = NO;
				MTL_FAST_MATH = YES;
				SDKROOT = iphoneos;
				SWIFT_COMPILATION_MODE = wholemodule;
				SWIFT_OPTIMIZATION_LEVEL = "-O";
				VALIDATE_PRODUCT = YES;
			};
			name = Release;
		};
		CE940D8A24F2AF650040BE2A /* Debug */ = {
			isa = XCBuildConfiguration;
			buildSettings = {
				ASSETCATALOG_COMPILER_APPICON_NAME = AppIcon;
				CODE_SIGN_STYLE = Automatic;
				DEVELOPMENT_ASSET_PATHS = "\"UrbanDictionary/Preview Content\"";
				DEVELOPMENT_TEAM = SP87V98H97;
				ENABLE_PREVIEWS = YES;
				INFOPLIST_FILE = UrbanDictionary/Info.plist;
				IPHONEOS_DEPLOYMENT_TARGET = 13.0;
				LD_RUNPATH_SEARCH_PATHS = (
					"$(inherited)",
					"@executable_path/Frameworks",
				);
				PRODUCT_BUNDLE_IDENTIFIER = com.bramschulting.UrbanDictionary;
				PRODUCT_NAME = "$(TARGET_NAME)";
				SWIFT_VERSION = 5.0;
				TARGETED_DEVICE_FAMILY = 1;
			};
			name = Debug;
		};
		CE940D8B24F2AF650040BE2A /* Release */ = {
			isa = XCBuildConfiguration;
			buildSettings = {
				ASSETCATALOG_COMPILER_APPICON_NAME = AppIcon;
				CODE_SIGN_STYLE = Automatic;
				DEVELOPMENT_ASSET_PATHS = "\"UrbanDictionary/Preview Content\"";
				DEVELOPMENT_TEAM = SP87V98H97;
				ENABLE_PREVIEWS = YES;
				INFOPLIST_FILE = UrbanDictionary/Info.plist;
				IPHONEOS_DEPLOYMENT_TARGET = 13.0;
				LD_RUNPATH_SEARCH_PATHS = (
					"$(inherited)",
					"@executable_path/Frameworks",
				);
				PRODUCT_BUNDLE_IDENTIFIER = com.bramschulting.UrbanDictionary;
				PRODUCT_NAME = "$(TARGET_NAME)";
				SWIFT_VERSION = 5.0;
				TARGETED_DEVICE_FAMILY = 1;
			};
			name = Release;
		};
		CE940D8D24F2AF650040BE2A /* Debug */ = {
			isa = XCBuildConfiguration;
			buildSettings = {
				ALWAYS_EMBED_SWIFT_STANDARD_LIBRARIES = YES;
				BUNDLE_LOADER = "$(TEST_HOST)";
				CODE_SIGN_STYLE = Automatic;
				DEVELOPMENT_TEAM = SP87V98H97;
				INFOPLIST_FILE = UrbanDictionaryTests/Info.plist;
				IPHONEOS_DEPLOYMENT_TARGET = 13.6;
				LD_RUNPATH_SEARCH_PATHS = (
					"$(inherited)",
					"@executable_path/Frameworks",
					"@loader_path/Frameworks",
				);
				PRODUCT_BUNDLE_IDENTIFIER = com.bramschulting.UrbanDictionaryTests;
				PRODUCT_NAME = "$(TARGET_NAME)";
				SWIFT_VERSION = 5.0;
				TARGETED_DEVICE_FAMILY = "1,2";
				TEST_HOST = "$(BUILT_PRODUCTS_DIR)/UrbanDictionary.app/UrbanDictionary";
			};
			name = Debug;
		};
		CE940D8E24F2AF650040BE2A /* Release */ = {
			isa = XCBuildConfiguration;
			buildSettings = {
				ALWAYS_EMBED_SWIFT_STANDARD_LIBRARIES = YES;
				BUNDLE_LOADER = "$(TEST_HOST)";
				CODE_SIGN_STYLE = Automatic;
				DEVELOPMENT_TEAM = SP87V98H97;
				INFOPLIST_FILE = UrbanDictionaryTests/Info.plist;
				IPHONEOS_DEPLOYMENT_TARGET = 13.6;
				LD_RUNPATH_SEARCH_PATHS = (
					"$(inherited)",
					"@executable_path/Frameworks",
					"@loader_path/Frameworks",
				);
				PRODUCT_BUNDLE_IDENTIFIER = com.bramschulting.UrbanDictionaryTests;
				PRODUCT_NAME = "$(TARGET_NAME)";
				SWIFT_VERSION = 5.0;
				TARGETED_DEVICE_FAMILY = "1,2";
				TEST_HOST = "$(BUILT_PRODUCTS_DIR)/UrbanDictionary.app/UrbanDictionary";
			};
			name = Release;
		};
		CEB8BDB624F58E4A003F160E /* Debug */ = {
			isa = XCBuildConfiguration;
			buildSettings = {
				CODE_SIGN_STYLE = Automatic;
				DEVELOPMENT_TEAM = SP87V98H97;
				INFOPLIST_FILE = UrbanDictionaryUITests/Info.plist;
				LD_RUNPATH_SEARCH_PATHS = (
					"$(inherited)",
					"@executable_path/Frameworks",
					"@loader_path/Frameworks",
				);
				PRODUCT_BUNDLE_IDENTIFIER = com.bramschulting.UrbanDictionaryUITests;
				PRODUCT_NAME = "$(TARGET_NAME)";
				SWIFT_VERSION = 5.0;
				TARGETED_DEVICE_FAMILY = "1,2";
				TEST_TARGET_NAME = UrbanDictionary;
			};
			name = Debug;
		};
		CEB8BDB724F58E4A003F160E /* Release */ = {
			isa = XCBuildConfiguration;
			buildSettings = {
				CODE_SIGN_STYLE = Automatic;
				DEVELOPMENT_TEAM = SP87V98H97;
				INFOPLIST_FILE = UrbanDictionaryUITests/Info.plist;
				LD_RUNPATH_SEARCH_PATHS = (
					"$(inherited)",
					"@executable_path/Frameworks",
					"@loader_path/Frameworks",
				);
				PRODUCT_BUNDLE_IDENTIFIER = com.bramschulting.UrbanDictionaryUITests;
				PRODUCT_NAME = "$(TARGET_NAME)";
				SWIFT_VERSION = 5.0;
				TARGETED_DEVICE_FAMILY = "1,2";
				TEST_TARGET_NAME = UrbanDictionary;
			};
			name = Release;
		};
/* End XCBuildConfiguration section */

/* Begin XCConfigurationList section */
		CE940D6524F2AF630040BE2A /* Build configuration list for PBXProject "UrbanDictionary" */ = {
			isa = XCConfigurationList;
			buildConfigurations = (
				CE940D8724F2AF650040BE2A /* Debug */,
				CE940D8824F2AF650040BE2A /* Release */,
			);
			defaultConfigurationIsVisible = 0;
			defaultConfigurationName = Release;
		};
		CE940D8924F2AF650040BE2A /* Build configuration list for PBXNativeTarget "UrbanDictionary" */ = {
			isa = XCConfigurationList;
			buildConfigurations = (
				CE940D8A24F2AF650040BE2A /* Debug */,
				CE940D8B24F2AF650040BE2A /* Release */,
			);
			defaultConfigurationIsVisible = 0;
			defaultConfigurationName = Release;
		};
		CE940D8C24F2AF650040BE2A /* Build configuration list for PBXNativeTarget "UrbanDictionaryTests" */ = {
			isa = XCConfigurationList;
			buildConfigurations = (
				CE940D8D24F2AF650040BE2A /* Debug */,
				CE940D8E24F2AF650040BE2A /* Release */,
			);
			defaultConfigurationIsVisible = 0;
			defaultConfigurationName = Release;
		};
		CEB8BDB824F58E4A003F160E /* Build configuration list for PBXNativeTarget "UrbanDictionaryUITests" */ = {
			isa = XCConfigurationList;
			buildConfigurations = (
				CEB8BDB624F58E4A003F160E /* Debug */,
				CEB8BDB724F58E4A003F160E /* Release */,
			);
			defaultConfigurationIsVisible = 0;
			defaultConfigurationName = Release;
		};
/* End XCConfigurationList section */

/* Begin XCRemoteSwiftPackageReference section */
		CE940DA724F2BD870040BE2A /* XCRemoteSwiftPackageReference "RxSwift" */ = {
			isa = XCRemoteSwiftPackageReference;
			repositoryURL = "https://github.com/ReactiveX/RxSwift.git";
			requirement = {
				kind = upToNextMajorVersion;
				minimumVersion = 5.1.1;
			};
		};
		CEECEAE424F5B4C9003080BE /* XCRemoteSwiftPackageReference "swifter" */ = {
			isa = XCRemoteSwiftPackageReference;
			repositoryURL = "https://github.com/httpswift/swifter";
			requirement = {
				kind = upToNextMajorVersion;
				minimumVersion = 1.4.7;
			};
		};
/* End XCRemoteSwiftPackageReference section */

/* Begin XCSwiftPackageProductDependency section */
		CE940DA824F2BD870040BE2A /* RxSwift */ = {
			isa = XCSwiftPackageProductDependency;
			package = CE940DA724F2BD870040BE2A /* XCRemoteSwiftPackageReference "RxSwift" */;
			productName = RxSwift;
		};
		CE940DAA24F2BD870040BE2A /* RxCocoa */ = {
			isa = XCSwiftPackageProductDependency;
			package = CE940DA724F2BD870040BE2A /* XCRemoteSwiftPackageReference "RxSwift" */;
			productName = RxCocoa;
		};
		CEECEAE524F5B4C9003080BE /* Swifter */ = {
			isa = XCSwiftPackageProductDependency;
			package = CEECEAE424F5B4C9003080BE /* XCRemoteSwiftPackageReference "swifter" */;
			productName = Swifter;
		};
/* End XCSwiftPackageProductDependency section */
	};
	rootObject = CE940D6224F2AF630040BE2A /* Project object */;
}
